
Microsoft Visual Studio Solution File, Format Version 12.00
# Visual Studio 15
VisualStudioVersion = 15.0.27130.2020
MinimumVisualStudioVersion = 10.0.40219.1
Project("{FAE04EC0-301F-11D3-BF4B-00C04F79EFBC}") = "KenticoCloud.PersonalData", "KenticoCloud.PersonalData\KenticoCloud.PersonalData.csproj", "{68DCF0C4-5F4E-4D88-920B-886D88E514AB}"
EndProject
Global
	GlobalSection(SolutionConfigurationPlatforms) = preSolution
		Debug|Any CPU = Debug|Any CPU
		Release|Any CPU = Release|Any CPU
	EndGlobalSection
	GlobalSection(ProjectConfigurationPlatforms) = postSolution
		{68DCF0C4-5F4E-4D88-920B-886D88E514AB}.Debug|Any CPU.ActiveCfg = Debug|Any CPU
		{68DCF0C4-5F4E-4D88-920B-886D88E514AB}.Debug|Any CPU.Build.0 = Debug|Any CPU
		{68DCF0C4-5F4E-4D88-920B-886D88E514AB}.Release|Any CPU.ActiveCfg = Release|Any CPU
		{68DCF0C4-5F4E-4D88-920B-886D88E514AB}.Release|Any CPU.Build.0 = Release|Any CPU
	EndGlobalSection
	GlobalSection(SolutionProperties) = preSolution
		HideSolutionNode = FALSE
	EndGlobalSection
	GlobalSection(ExtensibilityGlobals) = postSolution
		SolutionGuid = {5325212D-808A-4748-9C20-B39EB3F3D0B7}
	EndGlobalSection
EndGlobal
